<?xml version="1.0" encoding="utf-8"?>
<Project ToolsVersion="4.0" xmlns="http://schemas.microsoft.com/developer/msbuild/2003">
  <ItemGroup>
    <Filter Include="Header Files">
      <UniqueIdentifier>{93995380-89BD-4b04-88EB-625FBE52EBFB}</UniqueIdentifier>
      <Extensions>h;hh;hpp;hxx</Extensions>
    </Filter>
    <Filter Include="Source Files">
      <UniqueIdentifier>{4FC737F1-C7A5-4376-A066-2A32D752A2FF}</UniqueIdentifier>
      <Extensions>cpp;c;cc;cxx</Extensions>
    </Filter>
    <Filter Include="Source Files\platform">
      <UniqueIdentifier>{a1f0c3d2-0000-4000-8000-000000000001}</UniqueIdentifier>
    </Filter>
    <Filter Include="Source Files\test">
      <UniqueIdentifier>{a1f0c3d2-0000-4000-8000-000000000002}</UniqueIdentifier>
    </Filter>
    <Filter Include="Source Files\bench">
      <UniqueIdentifier>{a1f0c3d2-0000-4000-8000-000000000003}</UniqueIdentifier>
    </Filter>
  </ItemGroup>
  <ItemGroup>
    <ClInclude Include="inc\vfs.h">
      <Filter>Header Files</Filter>
    </ClInclude>
    <ClInclude Include="inc\vfs_platform.h">
      <Filter>Header Files</Filter>
    </ClInclude>
    <ClInclude Include="inc\vfs_test.h">
      <Filter>Header Files</Filter>
    </ClInclude>
    <ClInclude Include="inc\vfs_testutil.h">
      <Filter>Header Files</Filter>
    </ClInclude>
    <ClInclude Include="inc\vfs_bench.h">
      <Filter>Header Files</Filter>
    </ClInclude>
    <ClInclude Include="src\bench\bench_corpus.h">
      <Filter>Source Files\bench</Filter>
    </ClInclude>
  </ItemGroup>
  <ItemGroup>
    <ClCompile Include="src\vfs.cpp">
      <Filter>Source Files</Filter>
    </ClCompile>
    <ClCompile Include="src\main.cpp">
      <Filter>Source Files</Filter>
    </ClCompile>
    <ClCompile Include="src\platform\vfs_platform.cpp">
      <Filter>Source Files\platform</Filter>
    </ClCompile>
    <ClCompile Include="src\test\test_main.cpp">
      <Filter>Source Files\test</Filter>
    </ClCompile>
    <ClCompile Include="src\test\test_harness.cpp">
      <Filter>Source Files\test</Filter>
    </ClCompile>
    <ClCompile Include="src\test\test_util.cpp">
      <Filter>Source Files\test</Filter>
    </ClCompile>
    <ClCompile Include="src\test\test_file.cpp">
      <Filter>Source Files\test</Filter>
    </ClCompile>
    <ClCompile Include="src\test\test_layers.cpp">
      <Filter>Source Files\test</Filter>
    </ClCompile>
    <ClCompile Include="src\test\test_regress.cpp">
      <Filter>Source Files\test</Filter>
    </ClCompile>
    <ClCompile Include="src\bench\bench_harness.cpp">
      <Filter>Source Files\bench</Filter>
    </ClCompile>
    <ClCompile Include="src\bench\bench_corpus.cpp">
      <Filter>Source Files\bench</Filter>
    </ClCompile>
    <ClCompile Include="src\bench\bench_patterns.cpp">
      <Filter>Source Files\bench</Filter>
    </ClCompile>
  </ItemGroup>
</Project>
